
Microsoft Visual Studio Solution File, Format Version 12.00
# Visual Studio Version 17
VisualStudioVersion = 17.13.35913.81 d17.13
MinimumVisualStudioVersion = 10.0.40219.1
Project("{FAE04EC0-301F-11D3-BF4B-00C04F79EFBC}") = "OOPInheritancePractice", "OOPInheritancePractice.csproj", "{2EB32722-DDD3-42A6-8501-660E661CF905}"
EndProject
Global
	GlobalSection(SolutionConfigurationPlatforms) = preSolution
		Debug|Any CPU = Debug|Any CPU
		Release|Any CPU = Release|Any CPU
	EndGlobalSection
	GlobalSection(ProjectConfigurationPlatforms) = postSolution
		{2EB32722-DDD3-42A6-8501-660E661CF905}.Debug|Any CPU.ActiveCfg = Debug|Any CPU
		{2EB32722-DDD3-42A6-8501-660E661CF905}.Debug|Any CPU.Build.0 = Debug|Any CPU
		{2EB32722-DDD3-42A6-8501-660E661CF905}.Release|Any CPU.ActiveCfg = Release|Any CPU
		{2EB32722-DDD3-42A6-8501-660E661CF905}.Release|Any CPU.Build.0 = Release|Any CPU
	EndGlobalSection
	GlobalSection(SolutionProperties) = preSolution
		HideSolutionNode = FALSE
	EndGlobalSection
	GlobalSection(ExtensibilityGlobals) = postSolution
		SolutionGuid = {B0150C75-4F1D-4C0A-AEFE-AF710C6E85B1}
	EndGlobalSection
EndGlobal
